
Microsoft Visual Studio Solution File, Format Version 12.00
# Visual Studio 15
VisualStudioVersion = 15.0.28307.1340
MinimumVisualStudioVersion = 10.0.40219.1
Project("{FAE04EC0-301F-11D3-BF4B-00C04F79EFBC}") = "Test_WebApi", "Test_WebApi\Test_WebApi.csproj", "{16AEC456-C5D6-48F6-AE8C-C13F6B17C3D0}"
EndProject
Project("{FAE04EC0-301F-11D3-BF4B-00C04F79EFBC}") = "Test_WebApi.BusinessLogic", "Test_WebApi.BusinessLogic\Test_WebApi.BusinessLogic.csproj", "{7DBCB668-DD00-46AC-9336-4F129DAF0A09}"
EndProject
Project("{FAE04EC0-301F-11D3-BF4B-00C04F79EFBC}") = "Test_WebApi.Model", "Test_WebApi.Model\Test_WebApi.Model.csproj", "{DD55B4AA-6E1B-49CA-8155-9E3E9F7AD129}"
EndProject
Global
	GlobalSection(SolutionConfigurationPlatforms) = preSolution
		Debug|Any CPU = Debug|Any CPU
		Release|Any CPU = Release|Any CPU
	EndGlobalSection
	GlobalSection(ProjectConfigurationPlatforms) = postSolution
		{16AEC456-C5D6-48F6-AE8C-C13F6B17C3D0}.Debug|Any CPU.ActiveCfg = Debug|Any CPU
		{16AEC456-C5D6-48F6-AE8C-C13F6B17C3D0}.Debug|Any CPU.Build.0 = Debug|Any CPU
		{16AEC456-C5D6-48F6-AE8C-C13F6B17C3D0}.Release|Any CPU.ActiveCfg = Release|Any CPU
		{16AEC456-C5D6-48F6-AE8C-C13F6B17C3D0}.Release|Any CPU.Build.0 = Release|Any CPU
		{7DBCB668-DD00-46AC-9336-4F129DAF0A09}.Debug|Any CPU.ActiveCfg = Debug|Any CPU
		{7DBCB668-DD00-46AC-9336-4F129DAF0A09}.Debug|Any CPU.Build.0 = Debug|Any CPU
		{7DBCB668-DD00-46AC-9336-4F129DAF0A09}.Release|Any CPU.ActiveCfg = Release|Any CPU
		{7DBCB668-DD00-46AC-9336-4F129DAF0A09}.Release|Any CPU.Build.0 = Release|Any CPU
		{DD55B4AA-6E1B-49CA-8155-9E3E9F7AD129}.Debug|Any CPU.ActiveCfg = Debug|Any CPU
		{DD55B4AA-6E1B-49CA-8155-9E3E9F7AD129}.Debug|Any CPU.Build.0 = Debug|Any CPU
		{DD55B4AA-6E1B-49CA-8155-9E3E9F7AD129}.Release|Any CPU.ActiveCfg = Release|Any CPU
		{DD55B4AA-6E1B-49CA-8155-9E3E9F7AD129}.Release|Any CPU.Build.0 = Release|Any CPU
	EndGlobalSection
	GlobalSection(SolutionProperties) = preSolution
		HideSolutionNode = FALSE
	EndGlobalSection
	GlobalSection(ExtensibilityGlobals) = postSolution
		SolutionGuid = {718318B5-354B-48D4-84FB-91D74F3943F1}
	EndGlobalSection
EndGlobal
